
Microsoft Visual Studio Solution File, Format Version 12.00
# Visual Studio Version 17
VisualStudioVersion = 17.5.002.0
MinimumVisualStudioVersion = 10.0.40219.1
Project("{9A19103F-16F7-4668-BE54-9A1E7A4F7556}") = "TASK_8", "TASK_8.csproj", "{26E8D9C6-D9EA-4843-BACF-F695DA5A33F2}"
EndProject
Global
	GlobalSection(SolutionConfigurationPlatforms) = preSolution
		Debug|Any CPU = Debug|Any CPU
		Release|Any CPU = Release|Any CPU
	EndGlobalSection
	GlobalSection(ProjectConfigurationPlatforms) = postSolution
		{26E8D9C6-D9EA-4843-BACF-F695DA5A33F2}.Debug|Any CPU.ActiveCfg = Debug|Any CPU
		{26E8D9C6-D9EA-4843-BACF-F695DA5A33F2}.Debug|Any CPU.Build.0 = Debug|Any CPU
		{26E8D9C6-D9EA-4843-BACF-F695DA5A33F2}.Release|Any CPU.ActiveCfg = Release|Any CPU
		{26E8D9C6-D9EA-4843-BACF-F695DA5A33F2}.Release|Any CPU.Build.0 = Release|Any CPU
	EndGlobalSection
	GlobalSection(SolutionProperties) = preSolution
		HideSolutionNode = FALSE
	EndGlobalSection
	GlobalSection(ExtensibilityGlobals) = postSolution
		SolutionGuid = {54DF0543-56EB-417B-81FB-F69A40657AEC}
	EndGlobalSection
EndGlobal
