
Microsoft Visual Studio Solution File, Format Version 12.00
# Visual Studio Version 17
VisualStudioVersion = 17.5.002.0
MinimumVisualStudioVersion = 10.0.40219.1
Project("{9A19103F-16F7-4668-BE54-9A1E7A4F7556}") = "TASK_5", "TASK_5.csproj", "{C2FC1D5E-A138-42DD-9DC1-1B7304B4C358}"
EndProject
Global
	GlobalSection(SolutionConfigurationPlatforms) = preSolution
		Debug|Any CPU = Debug|Any CPU
		Release|Any CPU = Release|Any CPU
	EndGlobalSection
	GlobalSection(ProjectConfigurationPlatforms) = postSolution
		{C2FC1D5E-A138-42DD-9DC1-1B7304B4C358}.Debug|Any CPU.ActiveCfg = Debug|Any CPU
		{C2FC1D5E-A138-42DD-9DC1-1B7304B4C358}.Debug|Any CPU.Build.0 = Debug|Any CPU
		{C2FC1D5E-A138-42DD-9DC1-1B7304B4C358}.Release|Any CPU.ActiveCfg = Release|Any CPU
		{C2FC1D5E-A138-42DD-9DC1-1B7304B4C358}.Release|Any CPU.Build.0 = Release|Any CPU
	EndGlobalSection
	GlobalSection(SolutionProperties) = preSolution
		HideSolutionNode = FALSE
	EndGlobalSection
	GlobalSection(ExtensibilityGlobals) = postSolution
		SolutionGuid = {AB2DAABF-C370-410E-A29D-439B54C34671}
	EndGlobalSection
EndGlobal
