
Microsoft Visual Studio Solution File, Format Version 12.00
# Visual Studio Version 17
VisualStudioVersion = 17.5.002.0
MinimumVisualStudioVersion = 10.0.40219.1
Project("{9A19103F-16F7-4668-BE54-9A1E7A4F7556}") = "TASK_2", "TASK_2.csproj", "{B74C19F0-4065-42F4-978E-EB4CA1FEC3AD}"
EndProject
Global
	GlobalSection(SolutionConfigurationPlatforms) = preSolution
		Debug|Any CPU = Debug|Any CPU
		Release|Any CPU = Release|Any CPU
	EndGlobalSection
	GlobalSection(ProjectConfigurationPlatforms) = postSolution
		{B74C19F0-4065-42F4-978E-EB4CA1FEC3AD}.Debug|Any CPU.ActiveCfg = Debug|Any CPU
		{B74C19F0-4065-42F4-978E-EB4CA1FEC3AD}.Debug|Any CPU.Build.0 = Debug|Any CPU
		{B74C19F0-4065-42F4-978E-EB4CA1FEC3AD}.Release|Any CPU.ActiveCfg = Release|Any CPU
		{B74C19F0-4065-42F4-978E-EB4CA1FEC3AD}.Release|Any CPU.Build.0 = Release|Any CPU
	EndGlobalSection
	GlobalSection(SolutionProperties) = preSolution
		HideSolutionNode = FALSE
	EndGlobalSection
	GlobalSection(ExtensibilityGlobals) = postSolution
		SolutionGuid = {672033BA-D9CE-4DC7-89FF-F38078B74546}
	EndGlobalSection
EndGlobal
